// !$*UTF8*$!
{
	archiveVersion = 1;
	classes = {
	};
	objectVersion = 52;
	objects = {

/* Begin PBXBuildFile section */
		A121917C26385FB10093448F /* PickleStatsApp.swift in Sources */ = {isa = PBXBuildFile; fileRef = A121917B26385FB10093448F /* PickleStatsApp.swift */; };
		A121918026385FB10093448F /* Assets.xcassets in Resources */ = {isa = PBXBuildFile; fileRef = A121917F26385FB10093448F /* Assets.xcassets */; };
		A121918326385FB10093448F /* Preview Assets.xcassets in Resources */ = {isa = PBXBuildFile; fileRef = A121918226385FB10093448F /* Preview Assets.xcassets */; };
		A121918526385FB20093448F /* Persistence.swift in Sources */ = {isa = PBXBuildFile; fileRef = A121918426385FB20093448F /* Persistence.swift */; };
		A121918826385FB20093448F /* PickleStats.xcdatamodeld in Sources */ = {isa = PBXBuildFile; fileRef = A121918626385FB20093448F /* PickleStats.xcdatamodeld */; };
		A12191942638626A0093448F /* GamesView.swift in Sources */ = {isa = PBXBuildFile; fileRef = A12191932638626A0093448F /* GamesView.swift */; };
		A1219196263865A40093448F /* GameCell.swift in Sources */ = {isa = PBXBuildFile; fileRef = A1219195263865A40093448F /* GameCell.swift */; };
		A12191982638668F0093448F /* GameExtension.swift in Sources */ = {isa = PBXBuildFile; fileRef = A12191972638668F0093448F /* GameExtension.swift */; };
		A121919B263869F20093448F /* SFSafeSymbols in Frameworks */ = {isa = PBXBuildFile; productRef = A121919A263869F20093448F /* SFSafeSymbols */; };
		A121919D26386A420093448F /* GameEditView.swift in Sources */ = {isa = PBXBuildFile; fileRef = A121919C26386A420093448F /* GameEditView.swift */; };
/* End PBXBuildFile section */

/* Begin PBXFileReference section */
		A121917826385FB10093448F /* PickleStats.app */ = {isa = PBXFileReference; explicitFileType = wrapper.application; includeInIndex = 0; path = PickleStats.app; sourceTree = BUILT_PRODUCTS_DIR; };
		A121917B26385FB10093448F /* PickleStatsApp.swift */ = {isa = PBXFileReference; lastKnownFileType = sourcecode.swift; path = PickleStatsApp.swift; sourceTree = "<group>"; };
		A121917F26385FB10093448F /* Assets.xcassets */ = {isa = PBXFileReference; lastKnownFileType = folder.assetcatalog; path = Assets.xcassets; sourceTree = "<group>"; };
		A121918226385FB10093448F /* Preview Assets.xcassets */ = {isa = PBXFileReference; lastKnownFileType = folder.assetcatalog; path = "Preview Assets.xcassets"; sourceTree = "<group>"; };
		A121918426385FB20093448F /* Persistence.swift */ = {isa = PBXFileReference; lastKnownFileType = sourcecode.swift; path = Persistence.swift; sourceTree = "<group>"; };
		A121918726385FB20093448F /* PickleStats.xcdatamodel */ = {isa = PBXFileReference; lastKnownFileType = wrapper.xcdatamodel; path = PickleStats.xcdatamodel; sourceTree = "<group>"; };
		A121918926385FB20093448F /* Info.plist */ = {isa = PBXFileReference; lastKnownFileType = text.plist.xml; path = Info.plist; sourceTree = "<group>"; };
		A12191932638626A0093448F /* GamesView.swift */ = {isa = PBXFileReference; lastKnownFileType = sourcecode.swift; path = GamesView.swift; sourceTree = "<group>"; };
		A1219195263865A40093448F /* GameCell.swift */ = {isa = PBXFileReference; lastKnownFileType = sourcecode.swift; path = GameCell.swift; sourceTree = "<group>"; };
		A12191972638668F0093448F /* GameExtension.swift */ = {isa = PBXFileReference; lastKnownFileType = sourcecode.swift; path = GameExtension.swift; sourceTree = "<group>"; };
		A121919C26386A420093448F /* GameEditView.swift */ = {isa = PBXFileReference; lastKnownFileType = sourcecode.swift; path = GameEditView.swift; sourceTree = "<group>"; };
/* End PBXFileReference section */

/* Begin PBXFrameworksBuildPhase section */
		A121917526385FB10093448F /* Frameworks */ = {
			isa = PBXFrameworksBuildPhase;
			buildActionMask = 2147483647;
			files = (
				A121919B263869F20093448F /* SFSafeSymbols in Frameworks */,
			);
			runOnlyForDeploymentPostprocessing = 0;
		};
/* End PBXFrameworksBuildPhase section */

/* Begin PBXGroup section */
		A121916F26385FB10093448F = {
			isa = PBXGroup;
			children = (
				A121917A26385FB10093448F /* PickleStats */,
				A121917926385FB10093448F /* Products */,
			);
			sourceTree = "<group>";
		};
		A121917926385FB10093448F /* Products */ = {
			isa = PBXGroup;
			children = (
				A121917826385FB10093448F /* PickleStats.app */,
			);
			name = Products;
			sourceTree = "<group>";
		};
		A121917A26385FB10093448F /* PickleStats */ = {
			isa = PBXGroup;
			children = (
				A1219192263862220093448F /* App */,
				A1219191263862140093448F /* CoreData */,
				A121918F263862030093448F /* UI */,
				A12191902638620D0093448F /* Misc */,
				A121918126385FB10093448F /* Preview Content */,
			);
			path = PickleStats;
			sourceTree = "<group>";
		};
		A121918126385FB10093448F /* Preview Content */ = {
			isa = PBXGroup;
			children = (
				A121918226385FB10093448F /* Preview Assets.xcassets */,
			);
			path = "Preview Content";
			sourceTree = "<group>";
		};
		A121918F263862030093448F /* UI */ = {
			isa = PBXGroup;
			children = (
				A12191932638626A0093448F /* GamesView.swift */,
				A1219195263865A40093448F /* GameCell.swift */,
				A121919C26386A420093448F /* GameEditView.swift */,
			);
			path = UI;
			sourceTree = "<group>";
		};
		A12191902638620D0093448F /* Misc */ = {
			isa = PBXGroup;
			children = (
				A121917F26385FB10093448F /* Assets.xcassets */,
				A121918926385FB20093448F /* Info.plist */,
			);
			path = Misc;
			sourceTree = "<group>";
		};
		A1219191263862140093448F /* CoreData */ = {
			isa = PBXGroup;
			children = (
				A121918426385FB20093448F /* Persistence.swift */,
				A121918626385FB20093448F /* PickleStats.xcdatamodeld */,
				A12191972638668F0093448F /* GameExtension.swift */,
			);
			path = CoreData;
			sourceTree = "<group>";
		};
		A1219192263862220093448F /* App */ = {
			isa = PBXGroup;
			children = (
				A121917B26385FB10093448F /* PickleStatsApp.swift */,
			);
			path = App;
			sourceTree = "<group>";
		};
/* End PBXGroup section */

/* Begin PBXNativeTarget section */
		A121917726385FB10093448F /* PickleStats */ = {
			isa = PBXNativeTarget;
			buildConfigurationList = A121918C26385FB20093448F /* Build configuration list for PBXNativeTarget "PickleStats" */;
			buildPhases = (
				A121917426385FB10093448F /* Sources */,
				A121917526385FB10093448F /* Frameworks */,
				A121917626385FB10093448F /* Resources */,
			);
			buildRules = (
			);
			dependencies = (
			);
			name = PickleStats;
			packageProductDependencies = (
				A121919A263869F20093448F /* SFSafeSymbols */,
			);
			productName = PickleStats;
			productReference = A121917826385FB10093448F /* PickleStats.app */;
			productType = "com.apple.product-type.application";
		};
/* End PBXNativeTarget section */

/* Begin PBXProject section */
		A121917026385FB10093448F /* Project object */ = {
			isa = PBXProject;
			attributes = {
				LastSwiftUpdateCheck = 1250;
				LastUpgradeCheck = 1250;
				TargetAttributes = {
					A121917726385FB10093448F = {
						CreatedOnToolsVersion = 12.5;
					};
				};
			};
			buildConfigurationList = A121917326385FB10093448F /* Build configuration list for PBXProject "PickleStats" */;
			compatibilityVersion = "Xcode 9.3";
			developmentRegion = en;
			hasScannedForEncodings = 0;
			knownRegions = (
				en,
				Base,
			);
			mainGroup = A121916F26385FB10093448F;
			packageReferences = (
				A1219199263869F20093448F /* XCRemoteSwiftPackageReference "SFSafeSymbols" */,
			);
			productRefGroup = A121917926385FB10093448F /* Products */;
			projectDirPath = "";
			projectRoot = "";
			targets = (
				A121917726385FB10093448F /* PickleStats */,
			);
		};
/* End PBXProject section */

/* Begin PBXResourcesBuildPhase section */
		A121917626385FB10093448F /* Resources */ = {
			isa = PBXResourcesBuildPhase;
			buildActionMask = 2147483647;
			files = (
				A121918326385FB10093448F /* Preview Assets.xcassets in Resources */,
				A121918026385FB10093448F /* Assets.xcassets in Resources */,
			);
			runOnlyForDeploymentPostprocessing = 0;
		};
/* End PBXResourcesBuildPhase section */

/* Begin PBXSourcesBuildPhase section */
		A121917426385FB10093448F /* Sources */ = {
			isa = PBXSourcesBuildPhase;
			buildActionMask = 2147483647;
			files = (
				A1219196263865A40093448F /* GameCell.swift in Sources */,
				A121918526385FB20093448F /* Persistence.swift in Sources */,
				A121917C26385FB10093448F /* PickleStatsApp.swift in Sources */,
				A12191942638626A0093448F /* GamesView.swift in Sources */,
				A121918826385FB20093448F /* PickleStats.xcdatamodeld in Sources */,
				A121919D26386A420093448F /* GameEditView.swift in Sources */,
				A12191982638668F0093448F /* GameExtension.swift in Sources */,
			);
			runOnlyForDeploymentPostprocessing = 0;
		};
/* End PBXSourcesBuildPhase section */

/* Begin XCBuildConfiguration section */
		A121918A26385FB20093448F /* Debug */ = {
			isa = XCBuildConfiguration;
			buildSettings = {
				ALWAYS_SEARCH_USER_PATHS = NO;
				CLANG_ANALYZER_NONNULL = YES;
				CLANG_ANALYZER_NUMBER_OBJECT_CONVERSION = YES_AGGRESSIVE;
				CLANG_CXX_LANGUAGE_STANDARD = "gnu++14";
				CLANG_CXX_LIBRARY = "libc++";
				CLANG_ENABLE_MODULES = YES;
				CLANG_ENABLE_OBJC_ARC = YES;
				CLANG_ENABLE_OBJC_WEAK = YES;
				CLANG_WARN_BLOCK_CAPTURE_AUTORELEASING = YES;
				CLANG_WARN_BOOL_CONVERSION = YES;
				CLANG_WARN_COMMA = YES;
				CLANG_WARN_CONSTANT_CONVERSION = YES;
				CLANG_WARN_DEPRECATED_OBJC_IMPLEMENTATIONS = YES;
				CLANG_WARN_DIRECT_OBJC_ISA_USAGE = YES_ERROR;
				CLANG_WARN_DOCUMENTATION_COMMENTS = YES;
				CLANG_WARN_EMPTY_BODY = YES;
				CLANG_WARN_ENUM_CONVERSION = YES;
				CLANG_WARN_INFINITE_RECURSION = YES;
				CLANG_WARN_INT_CONVERSION = YES;
				CLANG_WARN_NON_LITERAL_NULL_CONVERSION = YES;
				CLANG_WARN_OBJC_IMPLICIT_RETAIN_SELF = YES;
				CLANG_WARN_OBJC_LITERAL_CONVERSION = YES;
				CLANG_WARN_OBJC_ROOT_CLASS = YES_ERROR;
				CLANG_WARN_QUOTED_INCLUDE_IN_FRAMEWORK_HEADER = YES;
				CLANG_WARN_RANGE_LOOP_ANALYSIS = YES;
				CLANG_WARN_STRICT_PROTOTYPES = YES;
				CLANG_WARN_SUSPICIOUS_MOVE = YES;
				CLANG_WARN_UNGUARDED_AVAILABILITY = YES_AGGRESSIVE;
				CLANG_WARN_UNREACHABLE_CODE = YES;
				CLANG_WARN__DUPLICATE_METHOD_MATCH = YES;
				COPY_PHASE_STRIP = NO;
				DEBUG_INFORMATION_FORMAT = dwarf;
				ENABLE_STRICT_OBJC_MSGSEND = YES;
				ENABLE_TESTABILITY = YES;
				GCC_C_LANGUAGE_STANDARD = gnu11;
				GCC_DYNAMIC_NO_PIC = NO;
				GCC_NO_COMMON_BLOCKS = YES;
				GCC_OPTIMIZATION_LEVEL = 0;
				GCC_PREPROCESSOR_DEFINITIONS = (
					"DEBUG=1",
					"$(inherited)",
				);
				GCC_WARN_64_TO_32_BIT_CONVERSION = YES;
				GCC_WARN_ABOUT_RETURN_TYPE = YES_ERROR;
				GCC_WARN_UNDECLARED_SELECTOR = YES;
				GCC_WARN_UNINITIALIZED_AUTOS = YES_AGGRESSIVE;
				GCC_WARN_UNUSED_FUNCTION = YES;
				GCC_WARN_UNUSED_VARIABLE = YES;
				IPHONEOS_DEPLOYMENT_TARGET = 14.5;
				MTL_ENABLE_DEBUG_INFO = INCLUDE_SOURCE;
				MTL_FAST_MATH = YES;
				ONLY_ACTIVE_ARCH = YES;
				SDKROOT = iphoneos;
				SWIFT_ACTIVE_COMPILATION_CONDITIONS = DEBUG;
				SWIFT_OPTIMIZATION_LEVEL = "-Onone";
			};
			name = Debug;
		};
		A121918B26385FB20093448F /* Release */ = {
			isa = XCBuildConfiguration;
			buildSettings = {
				ALWAYS_SEARCH_USER_PATHS = NO;
				CLANG_ANALYZER_NONNULL = YES;
				CLANG_ANALYZER_NUMBER_OBJECT_CONVERSION = YES_AGGRESSIVE;
				CLANG_CXX_LANGUAGE_STANDARD = "gnu++14";
				CLANG_CXX_LIBRARY = "libc++";
				CLANG_ENABLE_MODULES = YES;
				CLANG_ENABLE_OBJC_ARC = YES;
				CLANG_ENABLE_OBJC_WEAK = YES;
				CLANG_WARN_BLOCK_CAPTURE_AUTORELEASING = YES;
				CLANG_WARN_BOOL_CONVERSION = YES;
				CLANG_WARN_COMMA = YES;
				CLANG_WARN_CONSTANT_CONVERSION = YES;
				CLANG_WARN_DEPRECATED_OBJC_IMPLEMENTATIONS = YES;
				CLANG_WARN_DIRECT_OBJC_ISA_USAGE = YES_ERROR;
				CLANG_WARN_DOCUMENTATION_COMMENTS = YES;
				CLANG_WARN_EMPTY_BODY = YES;
				CLANG_WARN_ENUM_CONVERSION = YES;
				CLANG_WARN_INFINITE_RECURSION = YES;
				CLANG_WARN_INT_CONVERSION = YES;
				CLANG_WARN_NON_LITERAL_NULL_CONVERSION = YES;
				CLANG_WARN_OBJC_IMPLICIT_RETAIN_SELF = YES;
				CLANG_WARN_OBJC_LITERAL_CONVERSION = YES;
				CLANG_WARN_OBJC_ROOT_CLASS = YES_ERROR;
				CLANG_WARN_QUOTED_INCLUDE_IN_FRAMEWORK_HEADER = YES;
				CLANG_WARN_RANGE_LOOP_ANALYSIS = YES;
				CLANG_WARN_STRICT_PROTOTYPES = YES;
				CLANG_WARN_SUSPICIOUS_MOVE = YES;
				CLANG_WARN_UNGUARDED_AVAILABILITY = YES_AGGRESSIVE;
				CLANG_WARN_UNREACHABLE_CODE = YES;
				CLANG_WARN__DUPLICATE_METHOD_MATCH = YES;
				COPY_PHASE_STRIP = NO;
				DEBUG_INFORMATION_FORMAT = "dwarf-with-dsym";
				ENABLE_NS_ASSERTIONS = NO;
				ENABLE_STRICT_OBJC_MSGSEND = YES;
				GCC_C_LANGUAGE_STANDARD = gnu11;
				GCC_NO_COMMON_BLOCKS = YES;
				GCC_WARN_64_TO_32_BIT_CONVERSION = YES;
				GCC_WARN_ABOUT_RETURN_TYPE = YES_ERROR;
				GCC_WARN_UNDECLARED_SELECTOR = YES;
				GCC_WARN_UNINITIALIZED_AUTOS = YES_AGGRESSIVE;
				GCC_WARN_UNUSED_FUNCTION = YES;
				GCC_WARN_UNUSED_VARIABLE = YES;
				IPHONEOS_DEPLOYMENT_TARGET = 14.5;
				MTL_ENABLE_DEBUG_INFO = NO;
				MTL_FAST_MATH = YES;
				SDKROOT = iphoneos;
				SWIFT_COMPILATION_MODE = wholemodule;
				SWIFT_OPTIMIZATION_LEVEL = "-O";
				VALIDATE_PRODUCT = YES;
			};
			name = Release;
		};
		A121918D26385FB20093448F /* Debug */ = {
			isa = XCBuildConfiguration;
			buildSettings = {
				ASSETCATALOG_COMPILER_APPICON_NAME = AppIcon;
				ASSETCATALOG_COMPILER_GLOBAL_ACCENT_COLOR_NAME = AccentColor;
				CODE_SIGN_STYLE = Automatic;
				DEVELOPMENT_ASSET_PATHS = "\"PickleStats/Preview Content\"";
				DEVELOPMENT_TEAM = WK6LDT652Z;
				ENABLE_PREVIEWS = YES;
				INFOPLIST_FILE = PickleStats/Info.plist;
				IPHONEOS_DEPLOYMENT_TARGET = 14.0;
				LD_RUNPATH_SEARCH_PATHS = (
					"$(inherited)",
					"@executable_path/Frameworks",
				);
				PRODUCT_BUNDLE_IDENTIFIER = com.PJayRushton.PickleStats;
				PRODUCT_NAME = "$(TARGET_NAME)";
				SWIFT_VERSION = 5.0;
				TARGETED_DEVICE_FAMILY = "1,2";
			};
			name = Debug;
		};
		A121918E26385FB20093448F /* Release */ = {
			isa = XCBuildConfiguration;
			buildSettings = {
				ASSETCATALOG_COMPILER_APPICON_NAME = AppIcon;
				ASSETCATALOG_COMPILER_GLOBAL_ACCENT_COLOR_NAME = AccentColor;
				CODE_SIGN_STYLE = Automatic;
				DEVELOPMENT_ASSET_PATHS = "\"PickleStats/Preview Content\"";
				DEVELOPMENT_TEAM = WK6LDT652Z;
				ENABLE_PREVIEWS = YES;
				INFOPLIST_FILE = PickleStats/Info.plist;
				IPHONEOS_DEPLOYMENT_TARGET = 14.0;
				LD_RUNPATH_SEARCH_PATHS = (
					"$(inherited)",
					"@executable_path/Frameworks",
				);
				PRODUCT_BUNDLE_IDENTIFIER = com.PJayRushton.PickleStats;
				PRODUCT_NAME = "$(TARGET_NAME)";
				SWIFT_VERSION = 5.0;
				TARGETED_DEVICE_FAMILY = "1,2";
			};
			name = Release;
		};
/* End XCBuildConfiguration section */

/* Begin XCConfigurationList section */
		A121917326385FB10093448F /* Build configuration list for PBXProject "PickleStats" */ = {
			isa = XCConfigurationList;
			buildConfigurations = (
				A121918A26385FB20093448F /* Debug */,
				A121918B26385FB20093448F /* Release */,
			);
			defaultConfigurationIsVisible = 0;
			defaultConfigurationName = Release;
		};
		A121918C26385FB20093448F /* Build configuration list for PBXNativeTarget "PickleStats" */ = {
			isa = XCConfigurationList;
			buildConfigurations = (
				A121918D26385FB20093448F /* Debug */,
				A121918E26385FB20093448F /* Release */,
			);
			defaultConfigurationIsVisible = 0;
			defaultConfigurationName = Release;
		};
/* End XCConfigurationList section */

/* Begin XCRemoteSwiftPackageReference section */
		A1219199263869F20093448F /* XCRemoteSwiftPackageReference "SFSafeSymbols" */ = {
			isa = XCRemoteSwiftPackageReference;
			repositoryURL = "https://github.com/piknotech/SFSafeSymbols";
			requirement = {
				kind = upToNextMajorVersion;
				minimumVersion = 2.1.3;
			};
		};
/* End XCRemoteSwiftPackageReference section */

/* Begin XCSwiftPackageProductDependency section */
		A121919A263869F20093448F /* SFSafeSymbols */ = {
			isa = XCSwiftPackageProductDependency;
			package = A1219199263869F20093448F /* XCRemoteSwiftPackageReference "SFSafeSymbols" */;
			productName = SFSafeSymbols;
		};
/* End XCSwiftPackageProductDependency section */

/* Begin XCVersionGroup section */
		A121918626385FB20093448F /* PickleStats.xcdatamodeld */ = {
			isa = XCVersionGroup;
			children = (
				A121918726385FB20093448F /* PickleStats.xcdatamodel */,
			);
			currentVersion = A121918726385FB20093448F /* PickleStats.xcdatamodel */;
			path = PickleStats.xcdatamodeld;
			sourceTree = "<group>";
			versionGroupType = wrapper.xcdatamodel;
		};
/* End XCVersionGroup section */
	};
	rootObject = A121917026385FB10093448F /* Project object */;
}
